
Microsoft Visual Studio Solution File, Format Version 12.00
# Visual Studio Version 16
VisualStudioVersion = 16.0.32106.194
MinimumVisualStudioVersion = 10.0.40219.1
Project("{FAE04EC0-301F-11D3-BF4B-00C04F79EFBC}") = "interfaceDemo", "interfaceDemo\interfaceDemo.csproj", "{FAA4E37E-FE5B-4DAC-B246-5A31F3FC795A}"
EndProject
Global
	GlobalSection(SolutionConfigurationPlatforms) = preSolution
		Debug|Any CPU = Debug|Any CPU
		Release|Any CPU = Release|Any CPU
	EndGlobalSection
	GlobalSection(ProjectConfigurationPlatforms) = postSolution
		{FAA4E37E-FE5B-4DAC-B246-5A31F3FC795A}.Debug|Any CPU.ActiveCfg = Debug|Any CPU
		{FAA4E37E-FE5B-4DAC-B246-5A31F3FC795A}.Debug|Any CPU.Build.0 = Debug|Any CPU
		{FAA4E37E-FE5B-4DAC-B246-5A31F3FC795A}.Release|Any CPU.ActiveCfg = Release|Any CPU
		{FAA4E37E-FE5B-4DAC-B246-5A31F3FC795A}.Release|Any CPU.Build.0 = Release|Any CPU
	EndGlobalSection
	GlobalSection(SolutionProperties) = preSolution
		HideSolutionNode = FALSE
	EndGlobalSection
	GlobalSection(ExtensibilityGlobals) = postSolution
		SolutionGuid = {1E6481C9-D8A8-4D7E-A6D7-CEEA2AC81034}
	EndGlobalSection
EndGlobal
